
Microsoft Visual Studio Solution File, Format Version 12.00
# Visual Studio Version 16
VisualStudioVersion = 16.0.35826.135
MinimumVisualStudioVersion = 10.0.40219.1
Project("{FAE04EC0-301F-11D3-BF4B-00C04F79EFBC}") = "FX880PDetokenizer", "FX880PDetokenizer\FX880PDetokenizer.csproj", "{7209D4B0-4289-4F5D-B67D-6A5831533E26}"
EndProject
Global
	GlobalSection(SolutionConfigurationPlatforms) = preSolution
		Debug|Any CPU = Debug|Any CPU
		Release|Any CPU = Release|Any CPU
	EndGlobalSection
	GlobalSection(ProjectConfigurationPlatforms) = postSolution
		{7209D4B0-4289-4F5D-B67D-6A5831533E26}.Debug|Any CPU.ActiveCfg = Debug|Any CPU
		{7209D4B0-4289-4F5D-B67D-6A5831533E26}.Debug|Any CPU.Build.0 = Debug|Any CPU
		{7209D4B0-4289-4F5D-B67D-6A5831533E26}.Release|Any CPU.ActiveCfg = Release|Any CPU
		{7209D4B0-4289-4F5D-B67D-6A5831533E26}.Release|Any CPU.Build.0 = Release|Any CPU
	EndGlobalSection
	GlobalSection(SolutionProperties) = preSolution
		HideSolutionNode = FALSE
	EndGlobalSection
	GlobalSection(ExtensibilityGlobals) = postSolution
		SolutionGuid = {40B5BFDC-504C-4988-8284-805A6CC83ECD}
	EndGlobalSection
EndGlobal
